
Microsoft Visual Studio Solution File, Format Version 12.00
# Visual Studio Version 17
VisualStudioVersion = 17.2.32616.157
MinimumVisualStudioVersion = 10.0.40219.1
Project("{9A19103F-16F7-4668-BE54-9A1E7A4F7556}") = "WebAPIPeliculas", "WebAPIPeliculas\WebAPIPeliculas.csproj", "{65F99FA6-1236-4B9E-BE72-B66482150399}"
EndProject
Project("{FAE04EC0-301F-11D3-BF4B-00C04F79EFBC}") = "PeliculasAPITest", "PeliculasAPITest\PeliculasAPITest.csproj", "{2866CCB7-7EC7-4DE5-B912-014BF9429380}"
EndProject
Global
	GlobalSection(SolutionConfigurationPlatforms) = preSolution
		Debug|Any CPU = Debug|Any CPU
		Release|Any CPU = Release|Any CPU
	EndGlobalSection
	GlobalSection(ProjectConfigurationPlatforms) = postSolution
		{65F99FA6-1236-4B9E-BE72-B66482150399}.Debug|Any CPU.ActiveCfg = Debug|Any CPU
		{65F99FA6-1236-4B9E-BE72-B66482150399}.Debug|Any CPU.Build.0 = Debug|Any CPU
		{65F99FA6-1236-4B9E-BE72-B66482150399}.Release|Any CPU.ActiveCfg = Release|Any CPU
		{65F99FA6-1236-4B9E-BE72-B66482150399}.Release|Any CPU.Build.0 = Release|Any CPU
		{2866CCB7-7EC7-4DE5-B912-014BF9429380}.Debug|Any CPU.ActiveCfg = Debug|Any CPU
		{2866CCB7-7EC7-4DE5-B912-014BF9429380}.Debug|Any CPU.Build.0 = Debug|Any CPU
		{2866CCB7-7EC7-4DE5-B912-014BF9429380}.Release|Any CPU.ActiveCfg = Release|Any CPU
		{2866CCB7-7EC7-4DE5-B912-014BF9429380}.Release|Any CPU.Build.0 = Release|Any CPU
	EndGlobalSection
	GlobalSection(SolutionProperties) = preSolution
		HideSolutionNode = FALSE
	EndGlobalSection
	GlobalSection(ExtensibilityGlobals) = postSolution
		SolutionGuid = {96C06E71-0353-49A8-94DB-B8F2975D78CE}
	EndGlobalSection
EndGlobal
